// !$*UTF8*$!
{
	archiveVersion = 1;
	classes = {
	};
	objectVersion = 46;
	objects = {

/* Begin PBXBuildFile section */
		0A83F9791F08388300162D13 /* AppDelegate.swift in Sources */ = {isa = PBXBuildFile; fileRef = 0A83F9781F08388300162D13 /* AppDelegate.swift */; };
		0A83F97B1F08388300162D13 /* ViewController.swift in Sources */ = {isa = PBXBuildFile; fileRef = 0A83F97A1F08388300162D13 /* ViewController.swift */; };
		0A83F97E1F08388300162D13 /* Main.storyboard in Resources */ = {isa = PBXBuildFile; fileRef = 0A83F97C1F08388300162D13 /* Main.storyboard */; };
		0A83F9801F08388300162D13 /* Assets.xcassets in Resources */ = {isa = PBXBuildFile; fileRef = 0A83F97F1F08388300162D13 /* Assets.xcassets */; };
		0A83F9831F08388300162D13 /* LaunchScreen.storyboard in Resources */ = {isa = PBXBuildFile; fileRef = 0A83F9811F08388300162D13 /* LaunchScreen.storyboard */; };
/* End PBXBuildFile section */

/* Begin PBXFileReference section */
		0A83F9751F08388300162D13 /* picture-hunt.app */ = {isa = PBXFileReference; explicitFileType = wrapper.application; includeInIndex = 0; path = "picture-hunt.app"; sourceTree = BUILT_PRODUCTS_DIR; };
		0A83F9781F08388300162D13 /* AppDelegate.swift */ = {isa = PBXFileReference; lastKnownFileType = sourcecode.swift; path = AppDelegate.swift; sourceTree = "<group>"; };
		0A83F97A1F08388300162D13 /* ViewController.swift */ = {isa = PBXFileReference; lastKnownFileType = sourcecode.swift; path = ViewController.swift; sourceTree = "<group>"; };
		0A83F97D1F08388300162D13 /* Base */ = {isa = PBXFileReference; lastKnownFileType = file.storyboard; name = Base; path = Base.lproj/Main.storyboard; sourceTree = "<group>"; };
		0A83F97F1F08388300162D13 /* Assets.xcassets */ = {isa = PBXFileReference; lastKnownFileType = folder.assetcatalog; path = Assets.xcassets; sourceTree = "<group>"; };
		0A83F9821F08388300162D13 /* Base */ = {isa = PBXFileReference; lastKnownFileType = file.storyboard; name = Base; path = Base.lproj/LaunchScreen.storyboard; sourceTree = "<group>"; };
		0A83F9841F08388300162D13 /* Info.plist */ = {isa = PBXFileReference; lastKnownFileType = text.plist.xml; path = Info.plist; sourceTree = "<group>"; };
/* End PBXFileReference section */

/* Begin PBXFrameworksBuildPhase section */
		0A83F9721F08388300162D13 /* Frameworks */ = {
			isa = PBXFrameworksBuildPhase;
			buildActionMask = 2147483647;
			files = (
			);
			runOnlyForDeploymentPostprocessing = 0;
		};
/* End PBXFrameworksBuildPhase section */

/* Begin PBXGroup section */
		0A83F96C1F08388200162D13 = {
			isa = PBXGroup;
			children = (
				0A83F9771F08388300162D13 /* picture-hunt */,
				0A83F9761F08388300162D13 /* Products */,
			);
			sourceTree = "<group>";
		};
		0A83F9761F08388300162D13 /* Products */ = {
			isa = PBXGroup;
			children = (
				0A83F9751F08388300162D13 /* picture-hunt.app */,
			);
			name = Products;
			sourceTree = "<group>";
		};
		0A83F9771F08388300162D13 /* picture-hunt */ = {
			isa = PBXGroup;
			children = (
				0A83F9781F08388300162D13 /* AppDelegate.swift */,
				0A83F97A1F08388300162D13 /* ViewController.swift */,
				0A83F97C1F08388300162D13 /* Main.storyboard */,
				0A83F97F1F08388300162D13 /* Assets.xcassets */,
				0A83F9811F08388300162D13 /* LaunchScreen.storyboard */,
				0A83F9841F08388300162D13 /* Info.plist */,
			);
			path = "picture-hunt";
			sourceTree = "<group>";
		};
/* End PBXGroup section */

/* Begin PBXNativeTarget section */
		0A83F9741F08388300162D13 /* picture-hunt */ = {
			isa = PBXNativeTarget;
			buildConfigurationList = 0A83F9871F08388300162D13 /* Build configuration list for PBXNativeTarget "picture-hunt" */;
			buildPhases = (
				0A83F9711F08388300162D13 /* Sources */,
				0A83F9721F08388300162D13 /* Frameworks */,
				0A83F9731F08388300162D13 /* Resources */,
			);
			buildRules = (
			);
			dependencies = (
			);
			name = "picture-hunt";
			productName = "picture-hunt";
			productReference = 0A83F9751F08388300162D13 /* picture-hunt.app */;
			productType = "com.apple.product-type.application";
		};
/* End PBXNativeTarget section */

/* Begin PBXProject section */
		0A83F96D1F08388200162D13 /* Project object */ = {
			isa = PBXProject;
			attributes = {
				LastSwiftUpdateCheck = 0830;
				LastUpgradeCheck = 0830;
				ORGANIZATIONNAME = "Kevin Sheehy";
				TargetAttributes = {
					0A83F9741F08388300162D13 = {
						CreatedOnToolsVersion = 8.3.2;
						DevelopmentTeam = 9XNJV87VBC;
						ProvisioningStyle = Automatic;
					};
				};
			};
			buildConfigurationList = 0A83F9701F08388200162D13 /* Build configuration list for PBXProject "picture-hunt" */;
			compatibilityVersion = "Xcode 3.2";
			developmentRegion = English;
			hasScannedForEncodings = 0;
			knownRegions = (
				en,
				Base,
			);
			mainGroup = 0A83F96C1F08388200162D13;
			productRefGroup = 0A83F9761F08388300162D13 /* Products */;
			projectDirPath = "";
			projectRoot = "";
			targets = (
				0A83F9741F08388300162D13 /* picture-hunt */,
			);
		};
/* End PBXProject section */

/* Begin PBXResourcesBuildPhase section */
		0A83F9731F08388300162D13 /* Resources */ = {
			isa = PBXResourcesBuildPhase;
			buildActionMask = 2147483647;
			files = (
				0A83F9831F08388300162D13 /* LaunchScreen.storyboard in Resources */,
				0A83F9801F08388300162D13 /* Assets.xcassets in Resources */,
				0A83F97E1F08388300162D13 /* Main.storyboard in Resources */,
			);
			runOnlyForDeploymentPostprocessing = 0;
		};
/* End PBXResourcesBuildPhase section */

/* Begin PBXSourcesBuildPhase section */
		0A83F9711F08388300162D13 /* Sources */ = {
			isa = PBXSourcesBuildPhase;
			buildActionMask = 2147483647;
			files = (
				0A83F97B1F08388300162D13 /* ViewController.swift in Sources */,
				0A83F9791F08388300162D13 /* AppDelegate.swift in Sources */,
			);
			runOnlyForDeploymentPostprocessing = 0;
		};
/* End PBXSourcesBuildPhase section */

/* Begin PBXVariantGroup section */
		0A83F97C1F08388300162D13 /* Main.storyboard */ = {
			isa = PBXVariantGroup;
			children = (
				0A83F97D1F08388300162D13 /* Base */,
			);
			name = Main.storyboard;
			sourceTree = "<group>";
		};
		0A83F9811F08388300162D13 /* LaunchScreen.storyboard */ = {
			isa = PBXVariantGroup;
			children = (
				0A83F9821F08388300162D13 /* Base */,
			);
			name = LaunchScreen.storyboard;
			sourceTree = "<group>";
		};
/* End PBXVariantGroup section */

/* Begin XCBuildConfiguration section */
		0A83F9851F08388300162D13 /* Debug */ = {
			isa = XCBuildConfiguration;
			buildSettings = {
				ALWAYS_SEARCH_USER_PATHS = NO;
				CLANG_ANALYZER_NONNULL = YES;
				CLANG_ANALYZER_NUMBER_OBJECT_CONVERSION = YES_AGGRESSIVE;
				CLANG_CXX_LANGUAGE_STANDARD = "gnu++0x";
				CLANG_CXX_LIBRARY = "libc++";
				CLANG_ENABLE_MODULES = YES;
				CLANG_ENABLE_OBJC_ARC = YES;
				CLANG_WARN_BOOL_CONVERSION = YES;
				CLANG_WARN_CONSTANT_CONVERSION = YES;
				CLANG_WARN_DIRECT_OBJC_ISA_USAGE = YES_ERROR;
				CLANG_WARN_DOCUMENTATION_COMMENTS = YES;
				CLANG_WARN_EMPTY_BODY = YES;
				CLANG_WARN_ENUM_CONVERSION = YES;
				CLANG_WARN_INFINITE_RECURSION = YES;
				CLANG_WARN_INT_CONVERSION = YES;
				CLANG_WARN_OBJC_ROOT_CLASS = YES_ERROR;
				CLANG_WARN_SUSPICIOUS_MOVE = YES;
				CLANG_WARN_UNREACHABLE_CODE = YES;
				CLANG_WARN__DUPLICATE_METHOD_MATCH = YES;
				"CODE_SIGN_IDENTITY[sdk=iphoneos*]" = "iPhone Developer";
				COPY_PHASE_STRIP = NO;
				DEBUG_INFORMATION_FORMAT = dwarf;
				ENABLE_STRICT_OBJC_MSGSEND = YES;
				ENABLE_TESTABILITY = YES;
				GCC_C_LANGUAGE_STANDARD = gnu99;
				GCC_DYNAMIC_NO_PIC = NO;
				GCC_NO_COMMON_BLOCKS = YES;
				GCC_OPTIMIZATION_LEVEL = 0;
				GCC_PREPROCESSOR_DEFINITIONS = (
					"DEBUG=1",
					"$(inherited)",
				);
				GCC_WARN_64_TO_32_BIT_CONVERSION = YES;
				GCC_WARN_ABOUT_RETURN_TYPE = YES_ERROR;
				GCC_WARN_UNDECLARED_SELECTOR = YES;
				GCC_WARN_UNINITIALIZED_AUTOS = YES_AGGRESSIVE;
				GCC_WARN_UNUSED_FUNCTION = YES;
				GCC_WARN_UNUSED_VARIABLE = YES;
				IPHONEOS_DEPLOYMENT_TARGET = 10.3;
				MTL_ENABLE_DEBUG_INFO = YES;
				ONLY_ACTIVE_ARCH = YES;
				SDKROOT = iphoneos;
				SWIFT_ACTIVE_COMPILATION_CONDITIONS = DEBUG;
				SWIFT_OPTIMIZATION_LEVEL = "-Onone";
			};
			name = Debug;
		};
		0A83F9861F08388300162D13 /* Release */ = {
			isa = XCBuildConfiguration;
			buildSettings = {
				ALWAYS_SEARCH_USER_PATHS = NO;
				CLANG_ANALYZER_NONNULL = YES;
				CLANG_ANALYZER_NUMBER_OBJECT_CONVERSION = YES_AGGRESSIVE;
				CLANG_CXX_LANGUAGE_STANDARD = "gnu++0x";
				CLANG_CXX_LIBRARY = "libc++";
				CLANG_ENABLE_MODULES = YES;
				CLANG_ENABLE_OBJC_ARC = YES;
				CLANG_WARN_BOOL_CONVERSION = YES;
				CLANG_WARN_CONSTANT_CONVERSION = YES;
				CLANG_WARN_DIRECT_OBJC_ISA_USAGE = YES_ERROR;
				CLANG_WARN_DOCUMENTATION_COMMENTS = YES;
				CLANG_WARN_EMPTY_BODY = YES;
				CLANG_WARN_ENUM_CONVERSION = YES;
				CLANG_WARN_INFINITE_RECURSION = YES;
				CLANG_WARN_INT_CONVERSION = YES;
				CLANG_WARN_OBJC_ROOT_CLASS = YES_ERROR;
				CLANG_WARN_SUSPICIOUS_MOVE = YES;
				CLANG_WARN_UNREACHABLE_CODE = YES;
				CLANG_WARN__DUPLICATE_METHOD_MATCH = YES;
				"CODE_SIGN_IDENTITY[sdk=iphoneos*]" = "iPhone Developer";
				COPY_PHASE_STRIP = NO;
				DEBUG_INFORMATION_FORMAT = "dwarf-with-dsym";
				ENABLE_NS_ASSERTIONS = NO;
				ENABLE_STRICT_OBJC_MSGSEND = YES;
				GCC_C_LANGUAGE_STANDARD = gnu99;
				GCC_NO_COMMON_BLOCKS = YES;
				GCC_WARN_64_TO_32_BIT_CONVERSION = YES;
				GCC_WARN_ABOUT_RETURN_TYPE = YES_ERROR;
				GCC_WARN_UNDECLARED_SELECTOR = YES;
				GCC_WARN_UNINITIALIZED_AUTOS = YES_AGGRESSIVE;
				GCC_WARN_UNUSED_FUNCTION = YES;
				GCC_WARN_UNUSED_VARIABLE = YES;
				IPHONEOS_DEPLOYMENT_TARGET = 10.3;
				MTL_ENABLE_DEBUG_INFO = NO;
				SDKROOT = iphoneos;
				SWIFT_OPTIMIZATION_LEVEL = "-Owholemodule";
				VALIDATE_PRODUCT = YES;
			};
			name = Release;
		};
		0A83F9881F08388300162D13 /* Debug */ = {
			isa = XCBuildConfiguration;
			buildSettings = {
				ASSETCATALOG_COMPILER_APPICON_NAME = AppIcon;
				DEVELOPMENT_TEAM = 9XNJV87VBC;
				INFOPLIST_FILE = "picture-hunt/Info.plist";
				LD_RUNPATH_SEARCH_PATHS = "$(inherited) @executable_path/Frameworks";
				PRODUCT_BUNDLE_IDENTIFIER = "kjs2b.picture-hunt";
				PRODUCT_NAME = "$(TARGET_NAME)";
				SWIFT_VERSION = 3.0;
			};
			name = Debug;
		};
		0A83F9891F08388300162D13 /* Release */ = {
			isa = XCBuildConfiguration;
			buildSettings = {
				ASSETCATALOG_COMPILER_APPICON_NAME = AppIcon;
				DEVELOPMENT_TEAM = 9XNJV87VBC;
				INFOPLIST_FILE = "picture-hunt/Info.plist";
				LD_RUNPATH_SEARCH_PATHS = "$(inherited) @executable_path/Frameworks";
				PRODUCT_BUNDLE_IDENTIFIER = "kjs2b.picture-hunt";
				PRODUCT_NAME = "$(TARGET_NAME)";
				SWIFT_VERSION = 3.0;
			};
			name = Release;
		};
/* End XCBuildConfiguration section */

/* Begin XCConfigurationList section */
		0A83F9701F08388200162D13 /* Build configuration list for PBXProject "picture-hunt" */ = {
			isa = XCConfigurationList;
			buildConfigurations = (
				0A83F9851F08388300162D13 /* Debug */,
				0A83F9861F08388300162D13 /* Release */,
			);
			defaultConfigurationIsVisible = 0;
			defaultConfigurationName = Release;
		};
		0A83F9871F08388300162D13 /* Build configuration list for PBXNativeTarget "picture-hunt" */ = {
			isa = XCConfigurationList;
			buildConfigurations = (
				0A83F9881F08388300162D13 /* Debug */,
				0A83F9891F08388300162D13 /* Release */,
			);
			defaultConfigurationIsVisible = 0;
		};
/* End XCConfigurationList section */
	};
	rootObject = 0A83F96D1F08388200162D13 /* Project object */;
}
